
Microsoft Visual Studio Solution File, Format Version 12.00
# Visual Studio Version 17
VisualStudioVersion = 17.8.34511.84
MinimumVisualStudioVersion = 10.0.40219.1
Project("{9A19103F-16F7-4668-BE54-9A1E7A4F7556}") = "线程", "线程\线程.csproj", "{87D534EB-EDDA-44EA-A582-CC0D219A6DF3}"
EndProject
Project("{FAE04EC0-301F-11D3-BF4B-00C04F79EFBC}") = "资源竞争与线程锁", "资源竞争与线程锁\资源竞争与线程锁.csproj", "{7CCE9975-326D-444C-BDDD-D4361C14EBC7}"
EndProject
Project("{FAE04EC0-301F-11D3-BF4B-00C04F79EFBC}") = "异步编程Task", "异步\异步编程Task.csproj", "{BF35EF65-D76F-4099-AF48-A63C8B59001A}"
EndProject
Project("{FAE04EC0-301F-11D3-BF4B-00C04F79EFBC}") = "Task VS Thread", "Task VS Thread\Task VS Thread.csproj", "{7EEB110D-B216-4F3E-9C00-6A38D3E214F0}"
EndProject
Global
	GlobalSection(SolutionConfigurationPlatforms) = preSolution
		Debug|Any CPU = Debug|Any CPU
		Release|Any CPU = Release|Any CPU
	EndGlobalSection
	GlobalSection(ProjectConfigurationPlatforms) = postSolution
		{87D534EB-EDDA-44EA-A582-CC0D219A6DF3}.Debug|Any CPU.ActiveCfg = Debug|Any CPU
		{87D534EB-EDDA-44EA-A582-CC0D219A6DF3}.Debug|Any CPU.Build.0 = Debug|Any CPU
		{87D534EB-EDDA-44EA-A582-CC0D219A6DF3}.Release|Any CPU.ActiveCfg = Release|Any CPU
		{87D534EB-EDDA-44EA-A582-CC0D219A6DF3}.Release|Any CPU.Build.0 = Release|Any CPU
		{7CCE9975-326D-444C-BDDD-D4361C14EBC7}.Debug|Any CPU.ActiveCfg = Debug|Any CPU
		{7CCE9975-326D-444C-BDDD-D4361C14EBC7}.Debug|Any CPU.Build.0 = Debug|Any CPU
		{7CCE9975-326D-444C-BDDD-D4361C14EBC7}.Release|Any CPU.ActiveCfg = Release|Any CPU
		{7CCE9975-326D-444C-BDDD-D4361C14EBC7}.Release|Any CPU.Build.0 = Release|Any CPU
		{BF35EF65-D76F-4099-AF48-A63C8B59001A}.Debug|Any CPU.ActiveCfg = Debug|Any CPU
		{BF35EF65-D76F-4099-AF48-A63C8B59001A}.Debug|Any CPU.Build.0 = Debug|Any CPU
		{BF35EF65-D76F-4099-AF48-A63C8B59001A}.Release|Any CPU.ActiveCfg = Release|Any CPU
		{BF35EF65-D76F-4099-AF48-A63C8B59001A}.Release|Any CPU.Build.0 = Release|Any CPU
		{7EEB110D-B216-4F3E-9C00-6A38D3E214F0}.Debug|Any CPU.ActiveCfg = Debug|Any CPU
		{7EEB110D-B216-4F3E-9C00-6A38D3E214F0}.Debug|Any CPU.Build.0 = Debug|Any CPU
		{7EEB110D-B216-4F3E-9C00-6A38D3E214F0}.Release|Any CPU.ActiveCfg = Release|Any CPU
		{7EEB110D-B216-4F3E-9C00-6A38D3E214F0}.Release|Any CPU.Build.0 = Release|Any CPU
	EndGlobalSection
	GlobalSection(SolutionProperties) = preSolution
		HideSolutionNode = FALSE
	EndGlobalSection
	GlobalSection(ExtensibilityGlobals) = postSolution
		SolutionGuid = {DD48C2DD-1E57-4095-AFD9-3C8A496077A0}
	EndGlobalSection
EndGlobal
