
Microsoft Visual Studio Solution File, Format Version 12.00
# Visual Studio Version 17
VisualStudioVersion = 17.7.34202.233
MinimumVisualStudioVersion = 10.0.40219.1
Project("{FAE04EC0-301F-11D3-BF4B-00C04F79EFBC}") = "oop", "oop\oop.csproj", "{DAD05615-EA7F-479C-B184-837F7F3D62AD}"
EndProject
Global
	GlobalSection(SolutionConfigurationPlatforms) = preSolution
		Debug|Any CPU = Debug|Any CPU
		Release|Any CPU = Release|Any CPU
	EndGlobalSection
	GlobalSection(ProjectConfigurationPlatforms) = postSolution
		{DAD05615-EA7F-479C-B184-837F7F3D62AD}.Debug|Any CPU.ActiveCfg = Debug|Any CPU
		{DAD05615-EA7F-479C-B184-837F7F3D62AD}.Debug|Any CPU.Build.0 = Debug|Any CPU
		{DAD05615-EA7F-479C-B184-837F7F3D62AD}.Release|Any CPU.ActiveCfg = Release|Any CPU
		{DAD05615-EA7F-479C-B184-837F7F3D62AD}.Release|Any CPU.Build.0 = Release|Any CPU
	EndGlobalSection
	GlobalSection(SolutionProperties) = preSolution
		HideSolutionNode = FALSE
	EndGlobalSection
	GlobalSection(ExtensibilityGlobals) = postSolution
		SolutionGuid = {4D255D56-0AE9-4F46-8054-59E71BA22EA3}
	EndGlobalSection
EndGlobal
